{
    "version": 3,
    "terraform_version": "0.11.11",
    "serial": 9,
    "lineage": "976eb039-82a2-c649-eecf-b613ef30b5f4",
    "modules": [
        {
            "path": [
                "root"
            ],
            "outputs": {
                "kubeconfig": {
                    "sensitive": false,
                    "type": "string",
                    "value": "\n\napiVersion: v1\nclusters:\n- cluster:\n    server: https://9F1329312F6DD2D102476966DE568050.sk1.us-east-1.eks.amazonaws.com\n    certificate-authority-data: LS0tLS1CRUdJTiBDRVJUSUZJQ0FURS0tLS0tCk1JSUN5RENDQWJDZ0F3SUJBZ0lCQURBTkJna3Foa2lHOXcwQkFRc0ZBREFWTVJNd0VRWURWUVFERXdwcmRXSmwKY201bGRHVnpNQjRYRFRFNU1ESXlNekU0TVRFMU5Wb1hEVEk1TURJeU1ERTRNVEUxTlZvd0ZURVRNQkVHQTFVRQpBeE1LYTNWaVpYSnVaWFJsY3pDQ0FTSXdEUVlKS29aSWh2Y05BUUVCQlFBRGdnRVBBRENDQVFvQ2dnRUJBS0NICm8zU0ZEcXZ2RWh5MnBiRVZscmxON2JLWXRZUmpHMWFla1hVL3dSM0x5Ym03N2ZTMGJvUk1rcVp5Rk41WHB3dmkKZmcxVHAxcmxtcWw4RGpUdUR0OTlqZUVvcWJnSDdxdk14bXI1L1VCbDlDSlMxcE8vV1Y0T2k0eXVXOWs4cEdNdQo4SkVZWlFzMktSd1o1aU1UZnBYaDhFbVdFSDVhemM1U3ZDNnJMbWNTaVF3U2g3WEFOVHNxMEdieE53OWZVQmdRCjR4aThoQnVuYVZ6cGJpdmdWYmd5Y1hZZ3QwVTdxczlGaG5iNTBmaGFXT1ByaDdobENCQmZvMTZsY29uaUtVcXoKUEUyQzlNY3ZpRnFWdGQrMWxoQmRTMjB1WmtyeXJVWURIVFdqSDl6QXFLRHdqVUEzZjlVV2s5Q0FnU1dra0VnKwoyYk5xY2JFcUJvMWliUmZvUUdFQ0F3RUFBYU1qTUNFd0RnWURWUjBQQVFIL0JBUURBZ0trTUE4R0ExVWRFd0VCCi93UUZNQU1CQWY4d0RRWUpLb1pJaHZjTkFRRUxCUUFEZ2dFQkFKZU0wMU9pSGJRcCtYUjdPQWp3VVNvS0xJS1IKT01OWlFUSWhiWlJvUkMwc1dVNkR2U0NZWmg5cE9Ec3l4czZhWWtRRzlZMzFzeCsrQzlyem9mOGNWVkg4S3JDTgpoODc1cldlZU9mK2VRZHRQT3J6bEZ6bXR1S09Ba1ZBemtza0oybkpOVytxUFJQQWJ1SWhYTVZUdWxTR2xxb0JTCjdyMXJwUlo0RzdrcWRwMysyYm5kUTkwREZrQXk0K3h5QnV4VGtreno0THFJRG1kQklSaE5JN1NJN1VqWkhERHMKdjRxSmp6ejdTSFlxZ2ZRTzBBelR2MW1HS2JjTGd6VWxZb01rbGFhWmM2L0c1UWZGNWJMMUU4S1N6dXNNdy9pSwpzeGZJZ3h3S2o4OXlUTm1hS0psMGRzZU1Ra0Y4MnZQemFMbTduNy9RZFg0Tk93ekNkYU1wbCtlK3BSZz0KLS0tLS1FTkQgQ0VSVElGSUNBVEUtLS0tLQo=\n  name: kubernetes\ncontexts:\n- context:\n    cluster: kubernetes\n    user: aws\n  name: aws\ncurrent-context: aws\nkind: Config\npreferences: {}\nusers:\n- name: aws\n  user:\n    exec:\n      apiVersion: client.authentication.k8s.io/v1alpha1\n      command: aws-iam-authenticator\n      args:\n        - \"token\"\n        - \"-i\"\n        - \"terraform-eks-fishtech\"\n"
                }
            },
            "resources": {
                "aws_autoscaling_group.demo": {
                    "type": "aws_autoscaling_group",
                    "depends_on": [
                        "aws_launch_configuration.demo",
                        "aws_subnet.demo.*"
                    ],
                    "primary": {
                        "id": "terraform-eks-demo",
                        "attributes": {
                            "arn": "arn:aws:autoscaling:us-east-1:581721674763:autoScalingGroup:2331f853-3f92-4d28-9584-46f39e9a54c6:autoScalingGroupName/terraform-eks-demo",
                            "availability_zones.#": "2",
                            "availability_zones.1305112097": "us-east-1b",
                            "availability_zones.3569565595": "us-east-1a",
                            "default_cooldown": "300",
                            "desired_capacity": "2",
                            "enabled_metrics.#": "0",
                            "force_delete": "false",
                            "health_check_grace_period": "300",
                            "health_check_type": "EC2",
                            "id": "terraform-eks-demo",
                            "launch_configuration": "terraform-eks-demo20190223181459330100000006",
                            "launch_template.#": "0",
                            "load_balancers.#": "0",
                            "max_size": "2",
                            "metrics_granularity": "1Minute",
                            "min_size": "1",
                            "mixed_instances_policy.#": "0",
                            "name": "terraform-eks-demo",
                            "placement_group": "",
                            "protect_from_scale_in": "false",
                            "service_linked_role_arn": "arn:aws:iam::581721674763:role/aws-service-role/autoscaling.amazonaws.com/AWSServiceRoleForAutoScaling",
                            "suspended_processes.#": "0",
                            "tag.#": "2",
                            "tag.1723942014.key": "kubernetes.io/cluster/terraform-eks-fishtech",
                            "tag.1723942014.propagate_at_launch": "true",
                            "tag.1723942014.value": "owned",
                            "tag.4079220990.key": "Name",
                            "tag.4079220990.propagate_at_launch": "true",
                            "tag.4079220990.value": "terraform-eks-demo",
                            "target_group_arns.#": "0",
                            "termination_policies.#": "0",
                            "vpc_zone_identifier.#": "2",
                            "vpc_zone_identifier.1220341202": "subnet-0824d5fbc47f13fd2",
                            "vpc_zone_identifier.438620133": "subnet-04a8ddbaa4c99aaee",
                            "wait_for_capacity_timeout": "10m"
                        },
                        "meta": {
                            "e2bfb730-ecaa-11e6-8f88-34363bc7c4c0": {
                                "delete": 600000000000
                            }
                        },
                        "tainted": false
                    },
                    "deposed": [],
                    "provider": "provider.aws"
                },
                "aws_eks_cluster.demo": {
                    "type": "aws_eks_cluster",
                    "depends_on": [
                        "aws_iam_role.demo-cluster",
                        "aws_iam_role_policy_attachment.demo-cluster-AmazonEKSClusterPolicy",
                        "aws_iam_role_policy_attachment.demo-cluster-AmazonEKSServicePolicy",
                        "aws_security_group.demo-cluster",
                        "aws_subnet.demo.*"
                    ],
                    "primary": {
                        "id": "terraform-eks-fishtech",
                        "attributes": {
                            "arn": "arn:aws:eks:us-east-1:581721674763:cluster/terraform-eks-fishtech",
                            "certificate_authority.#": "1",
                            "certificate_authority.0.data": "LS0tLS1CRUdJTiBDRVJUSUZJQ0FURS0tLS0tCk1JSUN5RENDQWJDZ0F3SUJBZ0lCQURBTkJna3Foa2lHOXcwQkFRc0ZBREFWTVJNd0VRWURWUVFERXdwcmRXSmwKY201bGRHVnpNQjRYRFRFNU1ESXlNekU0TVRFMU5Wb1hEVEk1TURJeU1ERTRNVEUxTlZvd0ZURVRNQkVHQTFVRQpBeE1LYTNWaVpYSnVaWFJsY3pDQ0FTSXdEUVlKS29aSWh2Y05BUUVCQlFBRGdnRVBBRENDQVFvQ2dnRUJBS0NICm8zU0ZEcXZ2RWh5MnBiRVZscmxON2JLWXRZUmpHMWFla1hVL3dSM0x5Ym03N2ZTMGJvUk1rcVp5Rk41WHB3dmkKZmcxVHAxcmxtcWw4RGpUdUR0OTlqZUVvcWJnSDdxdk14bXI1L1VCbDlDSlMxcE8vV1Y0T2k0eXVXOWs4cEdNdQo4SkVZWlFzMktSd1o1aU1UZnBYaDhFbVdFSDVhemM1U3ZDNnJMbWNTaVF3U2g3WEFOVHNxMEdieE53OWZVQmdRCjR4aThoQnVuYVZ6cGJpdmdWYmd5Y1hZZ3QwVTdxczlGaG5iNTBmaGFXT1ByaDdobENCQmZvMTZsY29uaUtVcXoKUEUyQzlNY3ZpRnFWdGQrMWxoQmRTMjB1WmtyeXJVWURIVFdqSDl6QXFLRHdqVUEzZjlVV2s5Q0FnU1dra0VnKwoyYk5xY2JFcUJvMWliUmZvUUdFQ0F3RUFBYU1qTUNFd0RnWURWUjBQQVFIL0JBUURBZ0trTUE4R0ExVWRFd0VCCi93UUZNQU1CQWY4d0RRWUpLb1pJaHZjTkFRRUxCUUFEZ2dFQkFKZU0wMU9pSGJRcCtYUjdPQWp3VVNvS0xJS1IKT01OWlFUSWhiWlJvUkMwc1dVNkR2U0NZWmg5cE9Ec3l4czZhWWtRRzlZMzFzeCsrQzlyem9mOGNWVkg4S3JDTgpoODc1cldlZU9mK2VRZHRQT3J6bEZ6bXR1S09Ba1ZBemtza0oybkpOVytxUFJQQWJ1SWhYTVZUdWxTR2xxb0JTCjdyMXJwUlo0RzdrcWRwMysyYm5kUTkwREZrQXk0K3h5QnV4VGtreno0THFJRG1kQklSaE5JN1NJN1VqWkhERHMKdjRxSmp6ejdTSFlxZ2ZRTzBBelR2MW1HS2JjTGd6VWxZb01rbGFhWmM2L0c1UWZGNWJMMUU4S1N6dXNNdy9pSwpzeGZJZ3h3S2o4OXlUTm1hS0psMGRzZU1Ra0Y4MnZQemFMbTduNy9RZFg0Tk93ekNkYU1wbCtlK3BSZz0KLS0tLS1FTkQgQ0VSVElGSUNBVEUtLS0tLQo=",
                            "created_at": "2019-02-23 18:05:11 +0000 UTC",
                            "endpoint": "https://9F1329312F6DD2D102476966DE568050.sk1.us-east-1.eks.amazonaws.com",
                            "id": "terraform-eks-fishtech",
                            "name": "terraform-eks-fishtech",
                            "platform_version": "eks.1",
                            "role_arn": "arn:aws:iam::581721674763:role/terraform-eks-demo-cluster",
                            "version": "1.11",
                            "vpc_config.#": "1",
                            "vpc_config.0.security_group_ids.#": "1",
                            "vpc_config.0.security_group_ids.1663845323": "sg-026b01ebf8b6cb587",
                            "vpc_config.0.subnet_ids.#": "2",
                            "vpc_config.0.subnet_ids.194775484": "subnet-0824d5fbc47f13fd2",
                            "vpc_config.0.subnet_ids.3010671761": "subnet-04a8ddbaa4c99aaee",
                            "vpc_config.0.vpc_id": "vpc-0f2626dfb29a6eb29"
                        },
                        "meta": {
                            "e2bfb730-ecaa-11e6-8f88-34363bc7c4c0": {
                                "create": 900000000000,
                                "delete": 900000000000,
                                "update": 3600000000000
                            }
                        },
                        "tainted": false
                    },
                    "deposed": [],
                    "provider": "provider.aws"
                },
                "aws_iam_instance_profile.demo-node": {
                    "type": "aws_iam_instance_profile",
                    "depends_on": [
                        "aws_iam_role.demo-node"
                    ],
                    "primary": {
                        "id": "terraform-eks-demo",
                        "attributes": {
                            "arn": "arn:aws:iam::581721674763:instance-profile/terraform-eks-demo",
                            "create_date": "2019-02-23T18:04:53Z",
                            "id": "terraform-eks-demo",
                            "name": "terraform-eks-demo",
                            "path": "/",
                            "role": "terraform-eks-demo-node",
                            "roles.#": "1",
                            "roles.1215859311": "terraform-eks-demo-node",
                            "unique_id": "AIPAJZLBZDTPSMIGHWIRO"
                        },
                        "meta": {},
                        "tainted": false
                    },
                    "deposed": [],
                    "provider": "provider.aws"
                },
                "aws_iam_role.demo-cluster": {
                    "type": "aws_iam_role",
                    "depends_on": [],
                    "primary": {
                        "id": "terraform-eks-demo-cluster",
                        "attributes": {
                            "arn": "arn:aws:iam::581721674763:role/terraform-eks-demo-cluster",
                            "assume_role_policy": "{\"Version\":\"2012-10-17\",\"Statement\":[{\"Effect\":\"Allow\",\"Principal\":{\"Service\":\"eks.amazonaws.com\"},\"Action\":\"sts:AssumeRole\"}]}",
                            "create_date": "2019-02-23T18:04:53Z",
                            "description": "",
                            "force_detach_policies": "false",
                            "id": "terraform-eks-demo-cluster",
                            "max_session_duration": "3600",
                            "name": "terraform-eks-demo-cluster",
                            "path": "/",
                            "tags.%": "0",
                            "unique_id": "AROAIJAMSTBZCMSM4AWQQ"
                        },
                        "meta": {},
                        "tainted": false
                    },
                    "deposed": [],
                    "provider": "provider.aws"
                },
                "aws_iam_role.demo-node": {
                    "type": "aws_iam_role",
                    "depends_on": [],
                    "primary": {
                        "id": "terraform-eks-demo-node",
                        "attributes": {
                            "arn": "arn:aws:iam::581721674763:role/terraform-eks-demo-node",
                            "assume_role_policy": "{\"Version\":\"2012-10-17\",\"Statement\":[{\"Effect\":\"Allow\",\"Principal\":{\"Service\":\"ec2.amazonaws.com\"},\"Action\":\"sts:AssumeRole\"}]}",
                            "create_date": "2019-02-23T18:04:53Z",
                            "description": "",
                            "force_detach_policies": "false",
                            "id": "terraform-eks-demo-node",
                            "max_session_duration": "3600",
                            "name": "terraform-eks-demo-node",
                            "path": "/",
                            "tags.%": "0",
                            "unique_id": "AROAJMTREB7YE3OYAG724"
                        },
                        "meta": {},
                        "tainted": false
                    },
                    "deposed": [],
                    "provider": "provider.aws"
                },
                "aws_iam_role_policy_attachment.demo-cluster-AmazonEKSClusterPolicy": {
                    "type": "aws_iam_role_policy_attachment",
                    "depends_on": [
                        "aws_iam_role.demo-cluster"
                    ],
                    "primary": {
                        "id": "terraform-eks-demo-cluster-20190223180453630000000005",
                        "attributes": {
                            "id": "terraform-eks-demo-cluster-20190223180453630000000005",
                            "policy_arn": "arn:aws:iam::aws:policy/AmazonEKSClusterPolicy",
                            "role": "terraform-eks-demo-cluster"
                        },
                        "meta": {},
                        "tainted": false
                    },
                    "deposed": [],
                    "provider": "provider.aws"
                },
                "aws_iam_role_policy_attachment.demo-cluster-AmazonEKSServicePolicy": {
                    "type": "aws_iam_role_policy_attachment",
                    "depends_on": [
                        "aws_iam_role.demo-cluster"
                    ],
                    "primary": {
                        "id": "terraform-eks-demo-cluster-20190223180453612300000002",
                        "attributes": {
                            "id": "terraform-eks-demo-cluster-20190223180453612300000002",
                            "policy_arn": "arn:aws:iam::aws:policy/AmazonEKSServicePolicy",
                            "role": "terraform-eks-demo-cluster"
                        },
                        "meta": {},
                        "tainted": false
                    },
                    "deposed": [],
                    "provider": "provider.aws"
                },
                "aws_iam_role_policy_attachment.demo-node-AmazonEC2ContainerRegistryReadOnly": {
                    "type": "aws_iam_role_policy_attachment",
                    "depends_on": [
                        "aws_iam_role.demo-node"
                    ],
                    "primary": {
                        "id": "terraform-eks-demo-node-20190223180453629900000004",
                        "attributes": {
                            "id": "terraform-eks-demo-node-20190223180453629900000004",
                            "policy_arn": "arn:aws:iam::aws:policy/AmazonEC2ContainerRegistryReadOnly",
                            "role": "terraform-eks-demo-node"
                        },
                        "meta": {},
                        "tainted": false
                    },
                    "deposed": [],
                    "provider": "provider.aws"
                },
                "aws_iam_role_policy_attachment.demo-node-AmazonEKSWorkerNodePolicy": {
                    "type": "aws_iam_role_policy_attachment",
                    "depends_on": [
                        "aws_iam_role.demo-node"
                    ],
                    "primary": {
                        "id": "terraform-eks-demo-node-20190223180453623200000003",
                        "attributes": {
                            "id": "terraform-eks-demo-node-20190223180453623200000003",
                            "policy_arn": "arn:aws:iam::aws:policy/AmazonEKSWorkerNodePolicy",
                            "role": "terraform-eks-demo-node"
                        },
                        "meta": {},
                        "tainted": false
                    },
                    "deposed": [],
                    "provider": "provider.aws"
                },
                "aws_iam_role_policy_attachment.demo-node-AmazonEKS_CNI_Policy": {
                    "type": "aws_iam_role_policy_attachment",
                    "depends_on": [
                        "aws_iam_role.demo-node"
                    ],
                    "primary": {
                        "id": "terraform-eks-demo-node-20190223180453608700000001",
                        "attributes": {
                            "id": "terraform-eks-demo-node-20190223180453608700000001",
                            "policy_arn": "arn:aws:iam::aws:policy/AmazonEKS_CNI_Policy",
                            "role": "terraform-eks-demo-node"
                        },
                        "meta": {},
                        "tainted": false
                    },
                    "deposed": [],
                    "provider": "provider.aws"
                },
                "aws_internet_gateway.demo": {
                    "type": "aws_internet_gateway",
                    "depends_on": [
                        "aws_vpc.demo"
                    ],
                    "primary": {
                        "id": "igw-038fbb15b110829c7",
                        "attributes": {
                            "id": "igw-038fbb15b110829c7",
                            "owner_id": "581721674763",
                            "tags.%": "1",
                            "tags.Name": "terraform-eks-demo",
                            "vpc_id": "vpc-0f2626dfb29a6eb29"
                        },
                        "meta": {},
                        "tainted": false
                    },
                    "deposed": [],
                    "provider": "provider.aws"
                },
                "aws_launch_configuration.demo": {
                    "type": "aws_launch_configuration",
                    "depends_on": [
                        "aws_iam_instance_profile.demo-node",
                        "aws_security_group.demo-node",
                        "data.aws_ami.eks-worker",
                        "local.demo-node-userdata"
                    ],
                    "primary": {
                        "id": "terraform-eks-demo20190223181459330100000006",
                        "attributes": {
                            "associate_public_ip_address": "true",
                            "ebs_block_device.#": "0",
                            "ebs_optimized": "false",
                            "enable_monitoring": "true",
                            "ephemeral_block_device.#": "0",
                            "iam_instance_profile": "terraform-eks-demo",
                            "id": "terraform-eks-demo20190223181459330100000006",
                            "image_id": "ami-0eeeef929db40543c",
                            "instance_type": "m4.large",
                            "key_name": "",
                            "name": "terraform-eks-demo20190223181459330100000006",
                            "name_prefix": "terraform-eks-demo",
                            "root_block_device.#": "0",
                            "security_groups.#": "1",
                            "security_groups.1533271562": "sg-00c611b8a4dad6980",
                            "spot_price": "",
                            "user_data_base64": "IyEvYmluL2Jhc2gKc2V0IC1vIHh0cmFjZQovZXRjL2Vrcy9ib290c3RyYXAuc2ggLS1hcGlzZXJ2ZXItZW5kcG9pbnQgJ2h0dHBzOi8vOUYxMzI5MzEyRjZERDJEMTAyNDc2OTY2REU1NjgwNTAuc2sxLnVzLWVhc3QtMS5la3MuYW1hem9uYXdzLmNvbScgLS1iNjQtY2x1c3Rlci1jYSAnTFMwdExTMUNSVWRKVGlCRFJWSlVTVVpKUTBGVVJTMHRMUzB0Q2sxSlNVTjVSRU5EUVdKRFowRjNTVUpCWjBsQ1FVUkJUa0puYTNGb2EybEhPWGN3UWtGUmMwWkJSRUZXVFZKTmQwVlJXVVJXVVZGRVJYZHdjbVJYU213S1kyMDFiR1JIVm5wTlFqUllSRlJGTlUxRVNYbE5la1UwVFZSRk1VNVdiMWhFVkVrMVRVUkplVTFFUlRSTlZFVXhUbFp2ZDBaVVJWUk5Ra1ZIUVRGVlJRcEJlRTFMWVROV2FWcFlTblZhV0ZKc1kzcERRMEZUU1hkRVVWbEtTMjlhU1doMlkwNUJVVVZDUWxGQlJHZG5SVkJCUkVORFFWRnZRMmRuUlVKQlMwTklDbTh6VTBaRWNYWjJSV2g1TW5CaVJWWnNjbXhPTjJKTFdYUlpVbXBITVdGbGExaFZMM2RTTTB4NVltMDNOMlpUTUdKdlVrMXJjVnA1Ums0MVdIQjNkbWtLWm1jeFZIQXhjbXh0Y1d3NFJHcFVkVVIwT1RscVpVVnZjV0puU0RkeGRrMTRiWEkxTDFWQ2JEbERTbE14Y0U4dlYxWTBUMmswZVhWWE9XczRjRWROZFFvNFNrVlpXbEZ6TWt0U2QxbzFhVTFVWm5CWWFEaEZiVmRGU0RWaGVtTTFVM1pETm5KTWJXTlRhVkYzVTJnM1dFRk9WSE54TUVkaWVFNTNPV1pWUW1kUkNqUjRhVGhvUW5WdVlWWjZjR0pwZG1kV1ltZDVZMWhaWjNRd1ZUZHhjemxHYUc1aU5UQm1hR0ZYVDFCeWFEZG9iRU5DUW1adk1UWnNZMjl1YVV0VmNYb0tVRVV5UXpsTlkzWnBSbkZXZEdRck1XeG9RbVJUTWpCMVdtdHllWEpWV1VSSVZGZHFTRGw2UVhGTFJIZHFWVUV6WmpsVlYyczVRMEZuVTFkcmEwVm5Ld295WWs1eFkySkZjVUp2TVdsaVVtWnZVVWRGUTBGM1JVRkJZVTFxVFVORmQwUm5XVVJXVWpCUVFWRklMMEpCVVVSQlowdHJUVUU0UjBFeFZXUkZkMFZDQ2k5M1VVWk5RVTFDUVdZNGQwUlJXVXBMYjFwSmFIWmpUa0ZSUlV4Q1VVRkVaMmRGUWtGS1pVMHdNVTlwU0dKUmNDdFlVamRQUVdwM1ZWTnZTMHhKUzFJS1QwMU9XbEZVU1doaVdsSnZVa013YzFkVk5rUjJVME5aV21nNWNFOUVjM2w0Y3paaFdXdFJSemxaTXpGemVDc3JRemx5ZW05bU9HTldWa2c0UzNKRFRncG9PRGMxY2xkbFpVOW1LMlZSWkhSUVQzSjZiRVo2YlhSMVMwOUJhMVpCZW10emEwb3lia3BPVnl0eFVGSlFRV0oxU1doWVRWWlVkV3hUUjJ4eGIwSlRDamR5TVhKd1VsbzBSemRyY1dSd015c3lZbTVrVVRrd1JFWnJRWGswSzNoNVFuVjRWR3RyZW5vMFRIRkpSRzFrUWtsU2FFNUpOMU5KTjFWcVdraEVSSE1LZGpSeFNtcDZlamRUU0ZseFoyWlJUekJCZWxSMk1XMUhTMkpqVEdkNlZXeFpiMDFyYkdGaFdtTTJMMGMxVVdaR05XSk1NVVU0UzFONmRYTk5keTlwU3dwemVHWkpaM2gzUzJvNE9YbFVUbTFoUzBwc01HUnpaVTFSYTBZNE1uWlFlbUZNYlRkdU55OVJaRmcwVGs5M2VrTmtZVTF3YkN0bEszQlNaejBLTFMwdExTMUZUa1FnUTBWU1ZFbEdTVU5CVkVVdExTMHRMUW89JyAndGVycmFmb3JtLWVrcy1maXNodGVjaCcK",
                            "vpc_classic_link_id": "",
                            "vpc_classic_link_security_groups.#": "0"
                        },
                        "meta": {},
                        "tainted": false
                    },
                    "deposed": [],
                    "provider": "provider.aws"
                },
                "aws_route_table.demo": {
                    "type": "aws_route_table",
                    "depends_on": [
                        "aws_internet_gateway.demo",
                        "aws_vpc.demo"
                    ],
                    "primary": {
                        "id": "rtb-0c691d7ddc1e8c979",
                        "attributes": {
                            "id": "rtb-0c691d7ddc1e8c979",
                            "owner_id": "581721674763",
                            "propagating_vgws.#": "0",
                            "route.#": "1",
                            "route.413252216.cidr_block": "0.0.0.0/0",
                            "route.413252216.egress_only_gateway_id": "",
                            "route.413252216.gateway_id": "igw-038fbb15b110829c7",
                            "route.413252216.instance_id": "",
                            "route.413252216.ipv6_cidr_block": "",
                            "route.413252216.nat_gateway_id": "",
                            "route.413252216.network_interface_id": "",
                            "route.413252216.transit_gateway_id": "",
                            "route.413252216.vpc_peering_connection_id": "",
                            "tags.%": "0",
                            "vpc_id": "vpc-0f2626dfb29a6eb29"
                        },
                        "meta": {},
                        "tainted": false
                    },
                    "deposed": [],
                    "provider": "provider.aws"
                },
                "aws_route_table_association.demo.0": {
                    "type": "aws_route_table_association",
                    "depends_on": [
                        "aws_route_table.demo",
                        "aws_subnet.demo.*"
                    ],
                    "primary": {
                        "id": "rtbassoc-084e11b7c27487f84",
                        "attributes": {
                            "id": "rtbassoc-084e11b7c27487f84",
                            "route_table_id": "rtb-0c691d7ddc1e8c979",
                            "subnet_id": "subnet-0824d5fbc47f13fd2"
                        },
                        "meta": {},
                        "tainted": false
                    },
                    "deposed": [],
                    "provider": "provider.aws"
                },
                "aws_route_table_association.demo.1": {
                    "type": "aws_route_table_association",
                    "depends_on": [
                        "aws_route_table.demo",
                        "aws_subnet.demo.*"
                    ],
                    "primary": {
                        "id": "rtbassoc-0e56986ad82a27128",
                        "attributes": {
                            "id": "rtbassoc-0e56986ad82a27128",
                            "route_table_id": "rtb-0c691d7ddc1e8c979",
                            "subnet_id": "subnet-04a8ddbaa4c99aaee"
                        },
                        "meta": {},
                        "tainted": false
                    },
                    "deposed": [],
                    "provider": "provider.aws"
                },
                "aws_security_group.demo-cluster": {
                    "type": "aws_security_group",
                    "depends_on": [
                        "aws_vpc.demo"
                    ],
                    "primary": {
                        "id": "sg-026b01ebf8b6cb587",
                        "attributes": {
                            "arn": "arn:aws:ec2:us-east-1:581721674763:security-group/sg-026b01ebf8b6cb587",
                            "description": "Cluster communication with worker nodes",
                            "egress.#": "1",
                            "egress.482069346.cidr_blocks.#": "1",
                            "egress.482069346.cidr_blocks.0": "0.0.0.0/0",
                            "egress.482069346.description": "",
                            "egress.482069346.from_port": "0",
                            "egress.482069346.ipv6_cidr_blocks.#": "0",
                            "egress.482069346.prefix_list_ids.#": "0",
                            "egress.482069346.protocol": "-1",
                            "egress.482069346.security_groups.#": "0",
                            "egress.482069346.self": "false",
                            "egress.482069346.to_port": "0",
                            "id": "sg-026b01ebf8b6cb587",
                            "ingress.#": "2",
                            "ingress.2522954113.cidr_blocks.#": "1",
                            "ingress.2522954113.cidr_blocks.0": "136.33.48.125/32",
                            "ingress.2522954113.description": "Allow workstation to communicate with the cluster API Server",
                            "ingress.2522954113.from_port": "443",
                            "ingress.2522954113.ipv6_cidr_blocks.#": "0",
                            "ingress.2522954113.prefix_list_ids.#": "0",
                            "ingress.2522954113.protocol": "tcp",
                            "ingress.2522954113.security_groups.#": "0",
                            "ingress.2522954113.self": "false",
                            "ingress.2522954113.to_port": "443",
                            "ingress.2534790258.cidr_blocks.#": "0",
                            "ingress.2534790258.description": "Allow pods to communicate with the cluster API Server",
                            "ingress.2534790258.from_port": "443",
                            "ingress.2534790258.ipv6_cidr_blocks.#": "0",
                            "ingress.2534790258.prefix_list_ids.#": "0",
                            "ingress.2534790258.protocol": "tcp",
                            "ingress.2534790258.security_groups.#": "1",
                            "ingress.2534790258.security_groups.1533271562": "sg-00c611b8a4dad6980",
                            "ingress.2534790258.self": "false",
                            "ingress.2534790258.to_port": "443",
                            "name": "terraform-eks-demo-cluster",
                            "owner_id": "581721674763",
                            "revoke_rules_on_delete": "false",
                            "tags.%": "1",
                            "tags.Name": "terraform-eks-fishtech",
                            "vpc_id": "vpc-0f2626dfb29a6eb29"
                        },
                        "meta": {
                            "e2bfb730-ecaa-11e6-8f88-34363bc7c4c0": {
                                "create": 600000000000,
                                "delete": 600000000000
                            },
                            "schema_version": "1"
                        },
                        "tainted": false
                    },
                    "deposed": [],
                    "provider": "provider.aws"
                },
                "aws_security_group.demo-node": {
                    "type": "aws_security_group",
                    "depends_on": [
                        "aws_vpc.demo"
                    ],
                    "primary": {
                        "id": "sg-00c611b8a4dad6980",
                        "attributes": {
                            "arn": "arn:aws:ec2:us-east-1:581721674763:security-group/sg-00c611b8a4dad6980",
                            "description": "Security group for all nodes in the cluster",
                            "egress.#": "1",
                            "egress.482069346.cidr_blocks.#": "1",
                            "egress.482069346.cidr_blocks.0": "0.0.0.0/0",
                            "egress.482069346.description": "",
                            "egress.482069346.from_port": "0",
                            "egress.482069346.ipv6_cidr_blocks.#": "0",
                            "egress.482069346.prefix_list_ids.#": "0",
                            "egress.482069346.protocol": "-1",
                            "egress.482069346.security_groups.#": "0",
                            "egress.482069346.self": "false",
                            "egress.482069346.to_port": "0",
                            "id": "sg-00c611b8a4dad6980",
                            "ingress.#": "2",
                            "ingress.2278689831.cidr_blocks.#": "0",
                            "ingress.2278689831.description": "Allow node to communicate with each other",
                            "ingress.2278689831.from_port": "0",
                            "ingress.2278689831.ipv6_cidr_blocks.#": "0",
                            "ingress.2278689831.prefix_list_ids.#": "0",
                            "ingress.2278689831.protocol": "-1",
                            "ingress.2278689831.security_groups.#": "0",
                            "ingress.2278689831.self": "true",
                            "ingress.2278689831.to_port": "0",
                            "ingress.3398358945.cidr_blocks.#": "0",
                            "ingress.3398358945.description": "Allow worker Kubelets and pods to receive communication from the cluster control plane",
                            "ingress.3398358945.from_port": "1025",
                            "ingress.3398358945.ipv6_cidr_blocks.#": "0",
                            "ingress.3398358945.prefix_list_ids.#": "0",
                            "ingress.3398358945.protocol": "tcp",
                            "ingress.3398358945.security_groups.#": "1",
                            "ingress.3398358945.security_groups.625304064": "sg-026b01ebf8b6cb587",
                            "ingress.3398358945.self": "false",
                            "ingress.3398358945.to_port": "65535",
                            "name": "terraform-eks-demo-node",
                            "owner_id": "581721674763",
                            "revoke_rules_on_delete": "false",
                            "tags.%": "2",
                            "tags.Name": "terraform-eks-fishtech-node",
                            "tags.kubernetes.io/cluster/terraform-eks-fishtech": "owned",
                            "vpc_id": "vpc-0f2626dfb29a6eb29"
                        },
                        "meta": {
                            "e2bfb730-ecaa-11e6-8f88-34363bc7c4c0": {
                                "create": 600000000000,
                                "delete": 600000000000
                            },
                            "schema_version": "1"
                        },
                        "tainted": false
                    },
                    "deposed": [],
                    "provider": "provider.aws"
                },
                "aws_security_group_rule.demo-cluster-ingress-node-https": {
                    "type": "aws_security_group_rule",
                    "depends_on": [
                        "aws_security_group.demo-cluster",
                        "aws_security_group.demo-node"
                    ],
                    "primary": {
                        "id": "sgrule-4234052836",
                        "attributes": {
                            "cidr_blocks.#": "0",
                            "description": "Allow pods to communicate with the cluster API Server",
                            "from_port": "443",
                            "id": "sgrule-4234052836",
                            "ipv6_cidr_blocks.#": "0",
                            "prefix_list_ids.#": "0",
                            "protocol": "tcp",
                            "security_group_id": "sg-026b01ebf8b6cb587",
                            "self": "false",
                            "source_security_group_id": "sg-00c611b8a4dad6980",
                            "to_port": "443",
                            "type": "ingress"
                        },
                        "meta": {
                            "schema_version": "2"
                        },
                        "tainted": false
                    },
                    "deposed": [],
                    "provider": "provider.aws"
                },
                "aws_security_group_rule.demo-cluster-ingress-workstation-https": {
                    "type": "aws_security_group_rule",
                    "depends_on": [
                        "aws_security_group.demo-cluster",
                        "local.workstation-external-cidr"
                    ],
                    "primary": {
                        "id": "sgrule-180907113",
                        "attributes": {
                            "cidr_blocks.#": "1",
                            "cidr_blocks.0": "136.33.48.125/32",
                            "description": "Allow workstation to communicate with the cluster API Server",
                            "from_port": "443",
                            "id": "sgrule-180907113",
                            "ipv6_cidr_blocks.#": "0",
                            "prefix_list_ids.#": "0",
                            "protocol": "tcp",
                            "security_group_id": "sg-026b01ebf8b6cb587",
                            "self": "false",
                            "to_port": "443",
                            "type": "ingress"
                        },
                        "meta": {
                            "schema_version": "2"
                        },
                        "tainted": false
                    },
                    "deposed": [],
                    "provider": "provider.aws"
                },
                "aws_security_group_rule.demo-node-ingress-cluster": {
                    "type": "aws_security_group_rule",
                    "depends_on": [
                        "aws_security_group.demo-cluster",
                        "aws_security_group.demo-node"
                    ],
                    "primary": {
                        "id": "sgrule-4054331848",
                        "attributes": {
                            "cidr_blocks.#": "0",
                            "description": "Allow worker Kubelets and pods to receive communication from the cluster control plane",
                            "from_port": "1025",
                            "id": "sgrule-4054331848",
                            "ipv6_cidr_blocks.#": "0",
                            "prefix_list_ids.#": "0",
                            "protocol": "tcp",
                            "security_group_id": "sg-00c611b8a4dad6980",
                            "self": "false",
                            "source_security_group_id": "sg-026b01ebf8b6cb587",
                            "to_port": "65535",
                            "type": "ingress"
                        },
                        "meta": {
                            "schema_version": "2"
                        },
                        "tainted": false
                    },
                    "deposed": [],
                    "provider": "provider.aws"
                },
                "aws_security_group_rule.demo-node-ingress-self": {
                    "type": "aws_security_group_rule",
                    "depends_on": [
                        "aws_security_group.demo-node"
                    ],
                    "primary": {
                        "id": "sgrule-389543833",
                        "attributes": {
                            "cidr_blocks.#": "0",
                            "description": "Allow node to communicate with each other",
                            "from_port": "0",
                            "id": "sgrule-389543833",
                            "ipv6_cidr_blocks.#": "0",
                            "prefix_list_ids.#": "0",
                            "protocol": "-1",
                            "security_group_id": "sg-00c611b8a4dad6980",
                            "self": "false",
                            "source_security_group_id": "sg-00c611b8a4dad6980",
                            "to_port": "0",
                            "type": "ingress"
                        },
                        "meta": {
                            "schema_version": "2"
                        },
                        "tainted": false
                    },
                    "deposed": [],
                    "provider": "provider.aws"
                },
                "aws_subnet.demo.0": {
                    "type": "aws_subnet",
                    "depends_on": [
                        "aws_vpc.demo",
                        "data.aws_availability_zones.available"
                    ],
                    "primary": {
                        "id": "subnet-0824d5fbc47f13fd2",
                        "attributes": {
                            "arn": "arn:aws:ec2:us-east-1:581721674763:subnet/subnet-0824d5fbc47f13fd2",
                            "assign_ipv6_address_on_creation": "false",
                            "availability_zone": "us-east-1a",
                            "availability_zone_id": "use1-az6",
                            "cidr_block": "10.0.0.0/24",
                            "id": "subnet-0824d5fbc47f13fd2",
                            "ipv6_cidr_block": "",
                            "ipv6_cidr_block_association_id": "",
                            "map_public_ip_on_launch": "false",
                            "owner_id": "581721674763",
                            "tags.%": "2",
                            "tags.Name": "terraform-eks-demo-node",
                            "tags.kubernetes.io/cluster/terraform-eks-fishtech": "shared",
                            "vpc_id": "vpc-0f2626dfb29a6eb29"
                        },
                        "meta": {
                            "e2bfb730-ecaa-11e6-8f88-34363bc7c4c0": {
                                "create": 600000000000,
                                "delete": 600000000000
                            },
                            "schema_version": "1"
                        },
                        "tainted": false
                    },
                    "deposed": [],
                    "provider": "provider.aws"
                },
                "aws_subnet.demo.1": {
                    "type": "aws_subnet",
                    "depends_on": [
                        "aws_vpc.demo",
                        "data.aws_availability_zones.available"
                    ],
                    "primary": {
                        "id": "subnet-04a8ddbaa4c99aaee",
                        "attributes": {
                            "arn": "arn:aws:ec2:us-east-1:581721674763:subnet/subnet-04a8ddbaa4c99aaee",
                            "assign_ipv6_address_on_creation": "false",
                            "availability_zone": "us-east-1b",
                            "availability_zone_id": "use1-az1",
                            "cidr_block": "10.0.1.0/24",
                            "id": "subnet-04a8ddbaa4c99aaee",
                            "ipv6_cidr_block": "",
                            "ipv6_cidr_block_association_id": "",
                            "map_public_ip_on_launch": "false",
                            "owner_id": "581721674763",
                            "tags.%": "2",
                            "tags.Name": "terraform-eks-demo-node",
                            "tags.kubernetes.io/cluster/terraform-eks-fishtech": "shared",
                            "vpc_id": "vpc-0f2626dfb29a6eb29"
                        },
                        "meta": {
                            "e2bfb730-ecaa-11e6-8f88-34363bc7c4c0": {
                                "create": 600000000000,
                                "delete": 600000000000
                            },
                            "schema_version": "1"
                        },
                        "tainted": false
                    },
                    "deposed": [],
                    "provider": "provider.aws"
                },
                "aws_vpc.demo": {
                    "type": "aws_vpc",
                    "depends_on": [],
                    "primary": {
                        "id": "vpc-0f2626dfb29a6eb29",
                        "attributes": {
                            "arn": "arn:aws:ec2:us-east-1:581721674763:vpc/vpc-0f2626dfb29a6eb29",
                            "assign_generated_ipv6_cidr_block": "false",
                            "cidr_block": "10.0.0.0/16",
                            "default_network_acl_id": "acl-0a48518a686a3a5ff",
                            "default_route_table_id": "rtb-0e78f4f71cd1e4701",
                            "default_security_group_id": "sg-0cb9f20ecf324c8e8",
                            "dhcp_options_id": "dopt-06316b7d",
                            "enable_classiclink": "false",
                            "enable_classiclink_dns_support": "false",
                            "enable_dns_hostnames": "false",
                            "enable_dns_support": "true",
                            "id": "vpc-0f2626dfb29a6eb29",
                            "instance_tenancy": "default",
                            "ipv6_association_id": "",
                            "ipv6_cidr_block": "",
                            "main_route_table_id": "rtb-0e78f4f71cd1e4701",
                            "owner_id": "581721674763",
                            "tags.%": "2",
                            "tags.Name": "terraform-eks-fishtech-node",
                            "tags.kubernetes.io/cluster/terraform-eks-fishtech": "shared"
                        },
                        "meta": {
                            "schema_version": "1"
                        },
                        "tainted": false
                    },
                    "deposed": [],
                    "provider": "provider.aws"
                },
                "data.aws_ami.eks-worker": {
                    "type": "aws_ami",
                    "depends_on": [
                        "aws_eks_cluster.demo"
                    ],
                    "primary": {
                        "id": "ami-0eeeef929db40543c",
                        "attributes": {
                            "architecture": "x86_64",
                            "block_device_mappings.#": "1",
                            "block_device_mappings.3798922657.device_name": "/dev/xvda",
                            "block_device_mappings.3798922657.ebs.%": "6",
                            "block_device_mappings.3798922657.ebs.delete_on_termination": "true",
                            "block_device_mappings.3798922657.ebs.encrypted": "false",
                            "block_device_mappings.3798922657.ebs.iops": "0",
                            "block_device_mappings.3798922657.ebs.snapshot_id": "snap-086c007a9cc56077d",
                            "block_device_mappings.3798922657.ebs.volume_size": "20",
                            "block_device_mappings.3798922657.ebs.volume_type": "gp2",
                            "block_device_mappings.3798922657.no_device": "",
                            "block_device_mappings.3798922657.virtual_name": "",
                            "creation_date": "2019-02-19T00:52:49.000Z",
                            "description": "EKS Kubernetes Worker AMI with AmazonLinux2 image (k8s: 1.11.5/2018-12-06/bin/linux/amd64, docker:18.06)",
                            "filter.#": "1",
                            "filter.4290779789.name": "name",
                            "filter.4290779789.values.#": "1",
                            "filter.4290779789.values.0": "amazon-eks-node-1.11-v*",
                            "hypervisor": "xen",
                            "id": "ami-0eeeef929db40543c",
                            "image_id": "ami-0eeeef929db40543c",
                            "image_location": "602401143452/amazon-eks-node-1.11-v20190220",
                            "image_type": "machine",
                            "most_recent": "true",
                            "name": "amazon-eks-node-1.11-v20190220",
                            "owner_id": "602401143452",
                            "owners.#": "1",
                            "owners.0": "602401143452",
                            "product_codes.#": "0",
                            "public": "true",
                            "root_device_name": "/dev/xvda",
                            "root_device_type": "ebs",
                            "root_snapshot_id": "snap-086c007a9cc56077d",
                            "sriov_net_support": "simple",
                            "state": "available",
                            "state_reason.%": "2",
                            "state_reason.code": "UNSET",
                            "state_reason.message": "UNSET",
                            "tags.%": "0",
                            "virtualization_type": "hvm"
                        },
                        "meta": {},
                        "tainted": false
                    },
                    "deposed": [],
                    "provider": "provider.aws"
                },
                "data.aws_availability_zones.available": {
                    "type": "aws_availability_zones",
                    "depends_on": [],
                    "primary": {
                        "id": "2019-02-23 20:45:28.874641 +0000 UTC",
                        "attributes": {
                            "id": "2019-02-23 20:45:28.874641 +0000 UTC",
                            "names.#": "6",
                            "names.0": "us-east-1a",
                            "names.1": "us-east-1b",
                            "names.2": "us-east-1c",
                            "names.3": "us-east-1d",
                            "names.4": "us-east-1e",
                            "names.5": "us-east-1f",
                            "zone_ids.#": "6",
                            "zone_ids.0": "use1-az6",
                            "zone_ids.1": "use1-az1",
                            "zone_ids.2": "use1-az2",
                            "zone_ids.3": "use1-az4",
                            "zone_ids.4": "use1-az3",
                            "zone_ids.5": "use1-az5"
                        },
                        "meta": {},
                        "tainted": false
                    },
                    "deposed": [],
                    "provider": "provider.aws"
                },
                "data.aws_region.current": {
                    "type": "aws_region",
                    "depends_on": [],
                    "primary": {
                        "id": "us-east-1",
                        "attributes": {
                            "current": "true",
                            "description": "US East (N. Virginia)",
                            "endpoint": "ec2.us-east-1.amazonaws.com",
                            "id": "us-east-1",
                            "name": "us-east-1"
                        },
                        "meta": {},
                        "tainted": false
                    },
                    "deposed": [],
                    "provider": "provider.aws"
                },
                "data.http.workstation-external-ip": {
                    "type": "http",
                    "depends_on": [],
                    "primary": {
                        "id": "2019-02-23 20:45:27.530652 +0000 UTC",
                        "attributes": {
                            "body": "136.33.48.125\n",
                            "id": "2019-02-23 20:45:27.530652 +0000 UTC",
                            "url": "http://ipv4.icanhazip.com"
                        },
                        "meta": {},
                        "tainted": false
                    },
                    "deposed": [],
                    "provider": "provider.http"
                }
            },
            "depends_on": []
        }
    ]
}
